{
  "nodes": {
    "networkd-ipmon": {
      "inputs": {
        "nixpkgs": [
          "nixpkgs"
        ]
      },
      "locked": {
        "lastModified": 1755492245,
        "narHash": "sha256-uR95zlGl9TM+0ypt/YASF/0ELIvkP0fGDzNfE3mxS2U=",
        "owner": "hgl",
        "repo": "networkd-ipmon",
        "rev": "1ad3a18d1e3cbe880d66356de5f57eac609b0c80",
        "type": "github"
      },
      "original": {
        "owner": "hgl",
        "repo": "networkd-ipmon",
        "type": "github"
      }
    },
    "nixpkgs": {
      "locked": {
        "lastModified": 1752446735,
        "narHash": "sha256-Nz2vtUEaRB/UjvPfuhHpez060P/4mvGpXW4JCDIboA4=",
        "owner": "NixOS",
        "repo": "nixpkgs",
        "rev": "a421ac6595024edcfbb1ef950a3712b89161c359",
        "type": "github"
      },
      "original": {
        "owner": "NixOS",
        "ref": "nixpkgs-unstable",
        "repo": "nixpkgs",
        "type": "github"
      }
    },
    "root": {
      "inputs": {
        "networkd-ipmon": "networkd-ipmon",
        "nixpkgs": "nixpkgs"
      }
    }
  },
  "root": "root",
  "version": 7
}
